{
  "name": "termux-bot-wa",
  "version": "0.0.2",
  "lockfileVersion": 1,
  "requires": true,
  "dependencies": {
    "scraper-instagram": {
      "version": "1.0.17",
      "resolved": "https://registry.npmjs.org/scraper-instagram/-/scraper-instagram-1.0.17.tgz",
      "integrity": "sha512-nSCPAMA9vtr+dF+XmZw2kT4JN8AN4rUNrBNxIwRhWpRZNrCZ3ml+zwSON174rocv+Kpx2iTBLGi4ziIdn0KjDQ=="
    }
  }
}
